
Microsoft Visual Studio Solution File, Format Version 12.00
# Visual Studio Version 16
VisualStudioVersion = 16.0.29609.76
MinimumVisualStudioVersion = 10.0.40219.1
Project("{8BC9CEB8-8B4A-11D0-8D11-00A0C91BC942}") = "ForLoop", "ForLoop\ForLoop.vcxproj", "{55E8A7C3-8790-4974-8FA3-CF06FBB55F0F}"
EndProject
Project("{8BC9CEB8-8B4A-11D0-8D11-00A0C91BC942}") = "ReverseArray", "ReverseArray\ReverseArray.vcxproj", "{D6B65DDC-2936-4D63-BC62-D0DA657568D7}"
EndProject
Project("{8BC9CEB8-8B4A-11D0-8D11-00A0C91BC942}") = "VariableSizedArrays", "VariableSizedArrays\VariableSizedArrays.vcxproj", "{44E3D3B0-C4EB-4654-BC0E-E8F159695E0B}"
EndProject
Project("{8BC9CEB8-8B4A-11D0-8D11-00A0C91BC942}") = "AttributeParser", "AttributeParset\AttributeParset.vcxproj", "{7990B8B9-D40F-45DD-808F-4D80CA297870}"
EndProject
Project("{8BC9CEB8-8B4A-11D0-8D11-00A0C91BC942}") = "ISBN13", "ISBN13\ISBN13.vcxproj", "{E50C1669-876F-4C0A-BE80-658611EB1F0C}"
EndProject
Project("{8BC9CEB8-8B4A-11D0-8D11-00A0C91BC942}") = "NativeTest", "NativeTest\NativeTest.vcxproj", "{346859FA-1E1B-41BF-AFC1-1B45A434D809}"
EndProject
Project("{8BC9CEB8-8B4A-11D0-8D11-00A0C91BC942}") = "JumpingOnCloudsv2", "JumpingOnCloudsv2\JumpingOnClouds.vcxproj", "{A34287BD-7C63-46F6-B4A1-BC64F222C19A}"
EndProject
Project("{8BC9CEB8-8B4A-11D0-8D11-00A0C91BC942}") = "SalesByMatch", "SalesByMatch\SalesByMatch.vcxproj", "{EDEFBF92-C6F9-4F98-B356-4D561854EBC2}"
EndProject
Project("{8BC9CEB8-8B4A-11D0-8D11-00A0C91BC942}") = "CountingValleys", "CountingValleys\CountingValleys.vcxproj", "{C7360679-A70B-46FC-809F-E8580CAE5150}"
EndProject
Project("{8BC9CEB8-8B4A-11D0-8D11-00A0C91BC942}") = "JumpingOnClouds", "JumpingOnClouds\JumpingOnClouds.vcxproj", "{158E7D83-61D9-4699-A087-2BA59B2EE200}"
EndProject
Project("{8BC9CEB8-8B4A-11D0-8D11-00A0C91BC942}") = "AdditionalFiles", "..\..\educative\AdditionalFiles\AdditionalFiles.vcxproj", "{BF331209-142F-4B0E-B97E-4460D630D2BB}"
EndProject
Global
	GlobalSection(SolutionConfigurationPlatforms) = preSolution
		Debug|Any CPU = Debug|Any CPU
		Debug|x64 = Debug|x64
		Debug|x86 = Debug|x86
		Release|Any CPU = Release|Any CPU
		Release|x64 = Release|x64
		Release|x86 = Release|x86
	EndGlobalSection
	GlobalSection(ProjectConfigurationPlatforms) = postSolution
		{55E8A7C3-8790-4974-8FA3-CF06FBB55F0F}.Debug|Any CPU.ActiveCfg = Debug|Win32
		{55E8A7C3-8790-4974-8FA3-CF06FBB55F0F}.Debug|Any CPU.Build.0 = Debug|Win32
		{55E8A7C3-8790-4974-8FA3-CF06FBB55F0F}.Debug|x64.ActiveCfg = Debug|x64
		{55E8A7C3-8790-4974-8FA3-CF06FBB55F0F}.Debug|x64.Build.0 = Debug|x64
		{55E8A7C3-8790-4974-8FA3-CF06FBB55F0F}.Debug|x86.ActiveCfg = Debug|Win32
		{55E8A7C3-8790-4974-8FA3-CF06FBB55F0F}.Debug|x86.Build.0 = Debug|Win32
		{55E8A7C3-8790-4974-8FA3-CF06FBB55F0F}.Release|Any CPU.ActiveCfg = Release|Win32
		{55E8A7C3-8790-4974-8FA3-CF06FBB55F0F}.Release|Any CPU.Build.0 = Release|Win32
		{55E8A7C3-8790-4974-8FA3-CF06FBB55F0F}.Release|x64.ActiveCfg = Release|x64
		{55E8A7C3-8790-4974-8FA3-CF06FBB55F0F}.Release|x64.Build.0 = Release|x64
		{55E8A7C3-8790-4974-8FA3-CF06FBB55F0F}.Release|x86.ActiveCfg = Release|Win32
		{55E8A7C3-8790-4974-8FA3-CF06FBB55F0F}.Release|x86.Build.0 = Release|Win32
		{D6B65DDC-2936-4D63-BC62-D0DA657568D7}.Debug|Any CPU.ActiveCfg = Debug|Win32
		{D6B65DDC-2936-4D63-BC62-D0DA657568D7}.Debug|Any CPU.Build.0 = Debug|Win32
		{D6B65DDC-2936-4D63-BC62-D0DA657568D7}.Debug|x64.ActiveCfg = Debug|x64
		{D6B65DDC-2936-4D63-BC62-D0DA657568D7}.Debug|x64.Build.0 = Debug|x64
		{D6B65DDC-2936-4D63-BC62-D0DA657568D7}.Debug|x86.ActiveCfg = Debug|Win32
		{D6B65DDC-2936-4D63-BC62-D0DA657568D7}.Debug|x86.Build.0 = Debug|Win32
		{D6B65DDC-2936-4D63-BC62-D0DA657568D7}.Release|Any CPU.ActiveCfg = Release|Win32
		{D6B65DDC-2936-4D63-BC62-D0DA657568D7}.Release|Any CPU.Build.0 = Release|Win32
		{D6B65DDC-2936-4D63-BC62-D0DA657568D7}.Release|x64.ActiveCfg = Release|x64
		{D6B65DDC-2936-4D63-BC62-D0DA657568D7}.Release|x64.Build.0 = Release|x64
		{D6B65DDC-2936-4D63-BC62-D0DA657568D7}.Release|x86.ActiveCfg = Release|Win32
		{D6B65DDC-2936-4D63-BC62-D0DA657568D7}.Release|x86.Build.0 = Release|Win32
		{44E3D3B0-C4EB-4654-BC0E-E8F159695E0B}.Debug|Any CPU.ActiveCfg = Debug|Win32
		{44E3D3B0-C4EB-4654-BC0E-E8F159695E0B}.Debug|Any CPU.Build.0 = Debug|Win32
		{44E3D3B0-C4EB-4654-BC0E-E8F159695E0B}.Debug|x64.ActiveCfg = Debug|x64
		{44E3D3B0-C4EB-4654-BC0E-E8F159695E0B}.Debug|x64.Build.0 = Debug|x64
		{44E3D3B0-C4EB-4654-BC0E-E8F159695E0B}.Debug|x86.ActiveCfg = Debug|Win32
		{44E3D3B0-C4EB-4654-BC0E-E8F159695E0B}.Debug|x86.Build.0 = Debug|Win32
		{44E3D3B0-C4EB-4654-BC0E-E8F159695E0B}.Release|Any CPU.ActiveCfg = Release|Win32
		{44E3D3B0-C4EB-4654-BC0E-E8F159695E0B}.Release|Any CPU.Build.0 = Release|Win32
		{44E3D3B0-C4EB-4654-BC0E-E8F159695E0B}.Release|x64.ActiveCfg = Release|x64
		{44E3D3B0-C4EB-4654-BC0E-E8F159695E0B}.Release|x64.Build.0 = Release|x64
		{44E3D3B0-C4EB-4654-BC0E-E8F159695E0B}.Release|x86.ActiveCfg = Release|Win32
		{44E3D3B0-C4EB-4654-BC0E-E8F159695E0B}.Release|x86.Build.0 = Release|Win32
		{7990B8B9-D40F-45DD-808F-4D80CA297870}.Debug|Any CPU.ActiveCfg = Debug|Win32
		{7990B8B9-D40F-45DD-808F-4D80CA297870}.Debug|Any CPU.Build.0 = Debug|Win32
		{7990B8B9-D40F-45DD-808F-4D80CA297870}.Debug|x64.ActiveCfg = Debug|x64
		{7990B8B9-D40F-45DD-808F-4D80CA297870}.Debug|x64.Build.0 = Debug|x64
		{7990B8B9-D40F-45DD-808F-4D80CA297870}.Debug|x86.ActiveCfg = Debug|Win32
		{7990B8B9-D40F-45DD-808F-4D80CA297870}.Debug|x86.Build.0 = Debug|Win32
		{7990B8B9-D40F-45DD-808F-4D80CA297870}.Release|Any CPU.ActiveCfg = Release|Win32
		{7990B8B9-D40F-45DD-808F-4D80CA297870}.Release|Any CPU.Build.0 = Release|Win32
		{7990B8B9-D40F-45DD-808F-4D80CA297870}.Release|x64.ActiveCfg = Release|x64
		{7990B8B9-D40F-45DD-808F-4D80CA297870}.Release|x64.Build.0 = Release|x64
		{7990B8B9-D40F-45DD-808F-4D80CA297870}.Release|x86.ActiveCfg = Release|Win32
		{7990B8B9-D40F-45DD-808F-4D80CA297870}.Release|x86.Build.0 = Release|Win32
		{E50C1669-876F-4C0A-BE80-658611EB1F0C}.Debug|Any CPU.ActiveCfg = Debug|Win32
		{E50C1669-876F-4C0A-BE80-658611EB1F0C}.Debug|Any CPU.Build.0 = Debug|Win32
		{E50C1669-876F-4C0A-BE80-658611EB1F0C}.Debug|x64.ActiveCfg = Debug|x64
		{E50C1669-876F-4C0A-BE80-658611EB1F0C}.Debug|x64.Build.0 = Debug|x64
		{E50C1669-876F-4C0A-BE80-658611EB1F0C}.Debug|x86.ActiveCfg = Debug|Win32
		{E50C1669-876F-4C0A-BE80-658611EB1F0C}.Debug|x86.Build.0 = Debug|Win32
		{E50C1669-876F-4C0A-BE80-658611EB1F0C}.Release|Any CPU.ActiveCfg = Release|Win32
		{E50C1669-876F-4C0A-BE80-658611EB1F0C}.Release|Any CPU.Build.0 = Release|Win32
		{E50C1669-876F-4C0A-BE80-658611EB1F0C}.Release|x64.ActiveCfg = Release|x64
		{E50C1669-876F-4C0A-BE80-658611EB1F0C}.Release|x64.Build.0 = Release|x64
		{E50C1669-876F-4C0A-BE80-658611EB1F0C}.Release|x86.ActiveCfg = Release|Win32
		{E50C1669-876F-4C0A-BE80-658611EB1F0C}.Release|x86.Build.0 = Release|Win32
		{346859FA-1E1B-41BF-AFC1-1B45A434D809}.Debug|Any CPU.ActiveCfg = Debug|Win32
		{346859FA-1E1B-41BF-AFC1-1B45A434D809}.Debug|x64.ActiveCfg = Debug|x64
		{346859FA-1E1B-41BF-AFC1-1B45A434D809}.Debug|x64.Build.0 = Debug|x64
		{346859FA-1E1B-41BF-AFC1-1B45A434D809}.Debug|x86.ActiveCfg = Debug|Win32
		{346859FA-1E1B-41BF-AFC1-1B45A434D809}.Debug|x86.Build.0 = Debug|Win32
		{346859FA-1E1B-41BF-AFC1-1B45A434D809}.Release|Any CPU.ActiveCfg = Release|Win32
		{346859FA-1E1B-41BF-AFC1-1B45A434D809}.Release|x64.ActiveCfg = Release|x64
		{346859FA-1E1B-41BF-AFC1-1B45A434D809}.Release|x64.Build.0 = Release|x64
		{346859FA-1E1B-41BF-AFC1-1B45A434D809}.Release|x86.ActiveCfg = Release|Win32
		{346859FA-1E1B-41BF-AFC1-1B45A434D809}.Release|x86.Build.0 = Release|Win32
		{A34287BD-7C63-46F6-B4A1-BC64F222C19A}.Debug|Any CPU.ActiveCfg = Debug|Win32
		{A34287BD-7C63-46F6-B4A1-BC64F222C19A}.Debug|x64.ActiveCfg = Debug|x64
		{A34287BD-7C63-46F6-B4A1-BC64F222C19A}.Debug|x64.Build.0 = Debug|x64
		{A34287BD-7C63-46F6-B4A1-BC64F222C19A}.Debug|x86.ActiveCfg = Debug|Win32
		{A34287BD-7C63-46F6-B4A1-BC64F222C19A}.Debug|x86.Build.0 = Debug|Win32
		{A34287BD-7C63-46F6-B4A1-BC64F222C19A}.Release|Any CPU.ActiveCfg = Release|Win32
		{A34287BD-7C63-46F6-B4A1-BC64F222C19A}.Release|x64.ActiveCfg = Release|x64
		{A34287BD-7C63-46F6-B4A1-BC64F222C19A}.Release|x64.Build.0 = Release|x64
		{A34287BD-7C63-46F6-B4A1-BC64F222C19A}.Release|x86.ActiveCfg = Release|Win32
		{A34287BD-7C63-46F6-B4A1-BC64F222C19A}.Release|x86.Build.0 = Release|Win32
		{EDEFBF92-C6F9-4F98-B356-4D561854EBC2}.Debug|Any CPU.ActiveCfg = Debug|Win32
		{EDEFBF92-C6F9-4F98-B356-4D561854EBC2}.Debug|x64.ActiveCfg = Debug|x64
		{EDEFBF92-C6F9-4F98-B356-4D561854EBC2}.Debug|x64.Build.0 = Debug|x64
		{EDEFBF92-C6F9-4F98-B356-4D561854EBC2}.Debug|x86.ActiveCfg = Debug|Win32
		{EDEFBF92-C6F9-4F98-B356-4D561854EBC2}.Debug|x86.Build.0 = Debug|Win32
		{EDEFBF92-C6F9-4F98-B356-4D561854EBC2}.Release|Any CPU.ActiveCfg = Release|Win32
		{EDEFBF92-C6F9-4F98-B356-4D561854EBC2}.Release|x64.ActiveCfg = Release|x64
		{EDEFBF92-C6F9-4F98-B356-4D561854EBC2}.Release|x64.Build.0 = Release|x64
		{EDEFBF92-C6F9-4F98-B356-4D561854EBC2}.Release|x86.ActiveCfg = Release|Win32
		{EDEFBF92-C6F9-4F98-B356-4D561854EBC2}.Release|x86.Build.0 = Release|Win32
		{C7360679-A70B-46FC-809F-E8580CAE5150}.Debug|Any CPU.ActiveCfg = Debug|Win32
		{C7360679-A70B-46FC-809F-E8580CAE5150}.Debug|x64.ActiveCfg = Debug|x64
		{C7360679-A70B-46FC-809F-E8580CAE5150}.Debug|x64.Build.0 = Debug|x64
		{C7360679-A70B-46FC-809F-E8580CAE5150}.Debug|x86.ActiveCfg = Debug|Win32
		{C7360679-A70B-46FC-809F-E8580CAE5150}.Debug|x86.Build.0 = Debug|Win32
		{C7360679-A70B-46FC-809F-E8580CAE5150}.Release|Any CPU.ActiveCfg = Release|Win32
		{C7360679-A70B-46FC-809F-E8580CAE5150}.Release|x64.ActiveCfg = Release|x64
		{C7360679-A70B-46FC-809F-E8580CAE5150}.Release|x64.Build.0 = Release|x64
		{C7360679-A70B-46FC-809F-E8580CAE5150}.Release|x86.ActiveCfg = Release|Win32
		{C7360679-A70B-46FC-809F-E8580CAE5150}.Release|x86.Build.0 = Release|Win32
		{158E7D83-61D9-4699-A087-2BA59B2EE200}.Debug|Any CPU.ActiveCfg = Debug|Win32
		{158E7D83-61D9-4699-A087-2BA59B2EE200}.Debug|x64.ActiveCfg = Debug|x64
		{158E7D83-61D9-4699-A087-2BA59B2EE200}.Debug|x64.Build.0 = Debug|x64
		{158E7D83-61D9-4699-A087-2BA59B2EE200}.Debug|x86.ActiveCfg = Debug|Win32
		{158E7D83-61D9-4699-A087-2BA59B2EE200}.Debug|x86.Build.0 = Debug|Win32
		{158E7D83-61D9-4699-A087-2BA59B2EE200}.Release|Any CPU.ActiveCfg = Release|Win32
		{158E7D83-61D9-4699-A087-2BA59B2EE200}.Release|x64.ActiveCfg = Release|x64
		{158E7D83-61D9-4699-A087-2BA59B2EE200}.Release|x64.Build.0 = Release|x64
		{158E7D83-61D9-4699-A087-2BA59B2EE200}.Release|x86.ActiveCfg = Release|Win32
		{158E7D83-61D9-4699-A087-2BA59B2EE200}.Release|x86.Build.0 = Release|Win32
		{BF331209-142F-4B0E-B97E-4460D630D2BB}.Debug|Any CPU.ActiveCfg = Debug|Win32
		{BF331209-142F-4B0E-B97E-4460D630D2BB}.Debug|x64.ActiveCfg = Debug|x64
		{BF331209-142F-4B0E-B97E-4460D630D2BB}.Debug|x64.Build.0 = Debug|x64
		{BF331209-142F-4B0E-B97E-4460D630D2BB}.Debug|x86.ActiveCfg = Debug|Win32
		{BF331209-142F-4B0E-B97E-4460D630D2BB}.Debug|x86.Build.0 = Debug|Win32
		{BF331209-142F-4B0E-B97E-4460D630D2BB}.Release|Any CPU.ActiveCfg = Release|Win32
		{BF331209-142F-4B0E-B97E-4460D630D2BB}.Release|x64.ActiveCfg = Release|x64
		{BF331209-142F-4B0E-B97E-4460D630D2BB}.Release|x64.Build.0 = Release|x64
		{BF331209-142F-4B0E-B97E-4460D630D2BB}.Release|x86.ActiveCfg = Release|Win32
		{BF331209-142F-4B0E-B97E-4460D630D2BB}.Release|x86.Build.0 = Release|Win32
	EndGlobalSection
	GlobalSection(SolutionProperties) = preSolution
		HideSolutionNode = FALSE
	EndGlobalSection
	GlobalSection(ExtensibilityGlobals) = postSolution
		SolutionGuid = {41B04767-37B0-4499-94F7-1328D909C59E}
	EndGlobalSection
EndGlobal
